
Microsoft Visual Studio Solution File, Format Version 12.00
#
Project("{FAE04EC0-301F-11D3-BF4B-00C04F79EFBC}") = "PizzeriaApi", "PizzeriaApi\PizzeriaApi.csproj", "{0538FFFE-5075-498D-9238-27DDB62DCCC5}"
EndProject
Project("{FAE04EC0-301F-11D3-BF4B-00C04F79EFBC}") = "PizzeriaDb", "PizzeriaDb\PizzeriaDb.csproj", "{68F3EE91-FC7E-41AA-ADCB-D8E8DA611E3E}"
EndProject
Global
	GlobalSection(SolutionConfigurationPlatforms) = preSolution
		Debug|Any CPU = Debug|Any CPU
		Release|Any CPU = Release|Any CPU
	EndGlobalSection
	GlobalSection(ProjectConfigurationPlatforms) = postSolution
		{0538FFFE-5075-498D-9238-27DDB62DCCC5}.Debug|Any CPU.ActiveCfg = Debug|Any CPU
		{0538FFFE-5075-498D-9238-27DDB62DCCC5}.Debug|Any CPU.Build.0 = Debug|Any CPU
		{0538FFFE-5075-498D-9238-27DDB62DCCC5}.Release|Any CPU.ActiveCfg = Release|Any CPU
		{0538FFFE-5075-498D-9238-27DDB62DCCC5}.Release|Any CPU.Build.0 = Release|Any CPU
		{68F3EE91-FC7E-41AA-ADCB-D8E8DA611E3E}.Debug|Any CPU.ActiveCfg = Debug|Any CPU
		{68F3EE91-FC7E-41AA-ADCB-D8E8DA611E3E}.Debug|Any CPU.Build.0 = Debug|Any CPU
		{68F3EE91-FC7E-41AA-ADCB-D8E8DA611E3E}.Release|Any CPU.ActiveCfg = Release|Any CPU
		{68F3EE91-FC7E-41AA-ADCB-D8E8DA611E3E}.Release|Any CPU.Build.0 = Release|Any CPU
	EndGlobalSection
EndGlobal
